
Microsoft Visual Studio Solution File, Format Version 12.00
# Visual Studio 2012
Project("{F184B08F-C81C-45F6-A57F-5ABD9991F28F}") = "Homework5", "Lab7\Homework5.vbproj", "{19CBBB72-4AB2-49D9-B64B-32A9EAEA651B}"
EndProject
Global
	GlobalSection(SolutionConfigurationPlatforms) = preSolution
		Debug|Any CPU = Debug|Any CPU
		Release|Any CPU = Release|Any CPU
	EndGlobalSection
	GlobalSection(ProjectConfigurationPlatforms) = postSolution
		{19CBBB72-4AB2-49D9-B64B-32A9EAEA651B}.Debug|Any CPU.ActiveCfg = Debug|Any CPU
		{19CBBB72-4AB2-49D9-B64B-32A9EAEA651B}.Debug|Any CPU.Build.0 = Debug|Any CPU
		{19CBBB72-4AB2-49D9-B64B-32A9EAEA651B}.Release|Any CPU.ActiveCfg = Release|Any CPU
		{19CBBB72-4AB2-49D9-B64B-32A9EAEA651B}.Release|Any CPU.Build.0 = Release|Any CPU
	EndGlobalSection
	GlobalSection(SolutionProperties) = preSolution
		HideSolutionNode = FALSE
	EndGlobalSection
EndGlobal
