
Microsoft Visual Studio Solution File, Format Version 12.00
# Visual Studio 2012
Project("{F184B08F-C81C-45F6-A57F-5ABD9991F28F}") = "Homework6Part2", "Homework6Part2\Homework6Part2.vbproj", "{E1EA4245-9D67-4B5D-9E78-D41F0EC9BF07}"
EndProject
Global
	GlobalSection(SolutionConfigurationPlatforms) = preSolution
		Debug|Any CPU = Debug|Any CPU
		Release|Any CPU = Release|Any CPU
	EndGlobalSection
	GlobalSection(ProjectConfigurationPlatforms) = postSolution
		{E1EA4245-9D67-4B5D-9E78-D41F0EC9BF07}.Debug|Any CPU.ActiveCfg = Debug|Any CPU
		{E1EA4245-9D67-4B5D-9E78-D41F0EC9BF07}.Debug|Any CPU.Build.0 = Debug|Any CPU
		{E1EA4245-9D67-4B5D-9E78-D41F0EC9BF07}.Release|Any CPU.ActiveCfg = Release|Any CPU
		{E1EA4245-9D67-4B5D-9E78-D41F0EC9BF07}.Release|Any CPU.Build.0 = Release|Any CPU
	EndGlobalSection
	GlobalSection(SolutionProperties) = preSolution
		HideSolutionNode = FALSE
	EndGlobalSection
EndGlobal
